<?xml version="1.0" encoding="utf-8"?>
<Project ToolsVersion="4.0" xmlns="http://schemas.microsoft.com/developer/msbuild/2003">
  <ItemGroup>
    <ClCompile Include="MagicSpoutSender.cpp">
      <Filter>src</Filter>
    </ClCompile>
    <ClCompile Include="SpoutGL\Spout.cpp">
      <Filter>SpoutGL</Filter>
    </ClCompile>
    <ClCompile Include="SpoutGL\SpoutCopy.cpp">
      <Filter>SpoutGL</Filter>
    </ClCompile>
    <ClCompile Include="SpoutGL\SpoutDirectX.cpp">
      <Filter>SpoutGL</Filter>
    </ClCompile>
    <ClCompile Include="SpoutGL\SpoutFrameCount.cpp">
      <Filter>SpoutGL</Filter>
    </ClCompile>
    <ClCompile Include="SpoutGL\SpoutGL.cpp">
      <Filter>SpoutGL</Filter>
    </ClCompile>
    <ClCompile Include="SpoutGL\SpoutGLextensions.cpp">
      <Filter>SpoutGL</Filter>
    </ClCompile>
    <ClCompile Include="SpoutGL\SpoutReceiver.cpp">
      <Filter>SpoutGL</Filter>
    </ClCompile>
    <ClCompile Include="SpoutGL\SpoutSender.cpp">
      <Filter>SpoutGL</Filter>
    </ClCompile>
    <ClCompile Include="SpoutGL\SpoutSenderNames.cpp">
      <Filter>SpoutGL</Filter>
    </ClCompile>
    <ClCompile Include="SpoutGL\SpoutSharedMemory.cpp">
      <Filter>SpoutGL</Filter>
    </ClCompile>
    <ClCompile Include="SpoutGL\SpoutUtils.cpp">
      <Filter>SpoutGL</Filter>
    </ClCompile>
  </ItemGroup>
  <ItemGroup>
    <Filter Include="src">
      <UniqueIdentifier>{f69001cd-85c8-4358-9eab-a8eeda4600f8}</UniqueIdentifier>
    </Filter>
    <Filter Include="SpoutGL">
      <UniqueIdentifier>{4ff3a721-0105-40e5-8329-d97395769ee3}</UniqueIdentifier>
    </Filter>
  </ItemGroup>
  <ItemGroup>
    <ClInclude Include="MagicModule.h">
      <Filter>src</Filter>
    </ClInclude>
    <ClInclude Include="SpoutGL\Spout.h">
      <Filter>SpoutGL</Filter>
    </ClInclude>
    <ClInclude Include="SpoutGL\SpoutCommon.h">
      <Filter>SpoutGL</Filter>
    </ClInclude>
    <ClInclude Include="SpoutGL\SpoutCopy.h">
      <Filter>SpoutGL</Filter>
    </ClInclude>
    <ClInclude Include="SpoutGL\SpoutDirectX.h">
      <Filter>SpoutGL</Filter>
    </ClInclude>
    <ClInclude Include="SpoutGL\SpoutFrameCount.h">
      <Filter>SpoutGL</Filter>
    </ClInclude>
    <ClInclude Include="SpoutGL\SpoutGL.h">
      <Filter>SpoutGL</Filter>
    </ClInclude>
    <ClInclude Include="SpoutGL\SpoutGLextensions.h">
      <Filter>SpoutGL</Filter>
    </ClInclude>
    <ClInclude Include="SpoutGL\SpoutReceiver.h">
      <Filter>SpoutGL</Filter>
    </ClInclude>
    <ClInclude Include="SpoutGL\SpoutSender.h">
      <Filter>SpoutGL</Filter>
    </ClInclude>
    <ClInclude Include="SpoutGL\SpoutSenderNames.h">
      <Filter>SpoutGL</Filter>
    </ClInclude>
    <ClInclude Include="SpoutGL\SpoutSharedMemory.h">
      <Filter>SpoutGL</Filter>
    </ClInclude>
    <ClInclude Include="SpoutGL\SpoutUtils.h">
      <Filter>SpoutGL</Filter>
    </ClInclude>
  </ItemGroup>
</Project>